// !$*UTF8*$!
{
	archiveVersion = 1;
	classes = {
	};
	objectVersion = 46;
	objects = {

/* Begin PBXBuildFile section */
		525A1FD11CA3F65A00E7DEA5 /* AppDelegate.swift in Sources */ = {isa = PBXBuildFile; fileRef = 525A1FD01CA3F65A00E7DEA5 /* AppDelegate.swift */; };
		525A1FD31CA3F65A00E7DEA5 /* ViewController.swift in Sources */ = {isa = PBXBuildFile; fileRef = 525A1FD21CA3F65A00E7DEA5 /* ViewController.swift */; };
		525A1FD61CA3F65A00E7DEA5 /* Main.storyboard in Resources */ = {isa = PBXBuildFile; fileRef = 525A1FD41CA3F65A00E7DEA5 /* Main.storyboard */; };
		525A1FD81CA3F65A00E7DEA5 /* Assets.xcassets in Resources */ = {isa = PBXBuildFile; fileRef = 525A1FD71CA3F65A00E7DEA5 /* Assets.xcassets */; };
		525A1FDB1CA3F65A00E7DEA5 /* LaunchScreen.storyboard in Resources */ = {isa = PBXBuildFile; fileRef = 525A1FD91CA3F65A00E7DEA5 /* LaunchScreen.storyboard */; };
		525A1FE61CA3F65A00E7DEA5 /* TestSwiftTests.swift in Sources */ = {isa = PBXBuildFile; fileRef = 525A1FE51CA3F65A00E7DEA5 /* TestSwiftTests.swift */; };
		525A1FF11CA3F65A00E7DEA5 /* TestSwiftUITests.swift in Sources */ = {isa = PBXBuildFile; fileRef = 525A1FF01CA3F65A00E7DEA5 /* TestSwiftUITests.swift */; };
/* End PBXBuildFile section */

/* Begin PBXContainerItemProxy section */
		525A1FE21CA3F65A00E7DEA5 /* PBXContainerItemProxy */ = {
			isa = PBXContainerItemProxy;
			containerPortal = 525A1FC51CA3F65A00E7DEA5 /* Project object */;
			proxyType = 1;
			remoteGlobalIDString = 525A1FCC1CA3F65A00E7DEA5;
			remoteInfo = TestSwift;
		};
		525A1FED1CA3F65A00E7DEA5 /* PBXContainerItemProxy */ = {
			isa = PBXContainerItemProxy;
			containerPortal = 525A1FC51CA3F65A00E7DEA5 /* Project object */;
			proxyType = 1;
			remoteGlobalIDString = 525A1FCC1CA3F65A00E7DEA5;
			remoteInfo = TestSwift;
		};
/* End PBXContainerItemProxy section */

/* Begin PBXFileReference section */
		525A1FCD1CA3F65A00E7DEA5 /* TestSwift.app */ = {isa = PBXFileReference; explicitFileType = wrapper.application; includeInIndex = 0; path = TestSwift.app; sourceTree = BUILT_PRODUCTS_DIR; };
		525A1FD01CA3F65A00E7DEA5 /* AppDelegate.swift */ = {isa = PBXFileReference; lastKnownFileType = sourcecode.swift; path = AppDelegate.swift; sourceTree = "<group>"; };
		525A1FD21CA3F65A00E7DEA5 /* ViewController.swift */ = {isa = PBXFileReference; lastKnownFileType = sourcecode.swift; path = ViewController.swift; sourceTree = "<group>"; };
		525A1FD51CA3F65A00E7DEA5 /* Base */ = {isa = PBXFileReference; lastKnownFileType = file.storyboard; name = Base; path = Base.lproj/Main.storyboard; sourceTree = "<group>"; };
		525A1FD71CA3F65A00E7DEA5 /* Assets.xcassets */ = {isa = PBXFileReference; lastKnownFileType = folder.assetcatalog; path = Assets.xcassets; sourceTree = "<group>"; };
		525A1FDA1CA3F65A00E7DEA5 /* Base */ = {isa = PBXFileReference; lastKnownFileType = file.storyboard; name = Base; path = Base.lproj/LaunchScreen.storyboard; sourceTree = "<group>"; };
		525A1FDC1CA3F65A00E7DEA5 /* Info.plist */ = {isa = PBXFileReference; lastKnownFileType = text.plist.xml; path = Info.plist; sourceTree = "<group>"; };
		525A1FE11CA3F65A00E7DEA5 /* TestSwiftTests.xctest */ = {isa = PBXFileReference; explicitFileType = wrapper.cfbundle; includeInIndex = 0; path = TestSwiftTests.xctest; sourceTree = BUILT_PRODUCTS_DIR; };
		525A1FE51CA3F65A00E7DEA5 /* TestSwiftTests.swift */ = {isa = PBXFileReference; lastKnownFileType = sourcecode.swift; path = TestSwiftTests.swift; sourceTree = "<group>"; };
		525A1FE71CA3F65A00E7DEA5 /* Info.plist */ = {isa = PBXFileReference; lastKnownFileType = text.plist.xml; path = Info.plist; sourceTree = "<group>"; };
		525A1FEC1CA3F65A00E7DEA5 /* TestSwiftUITests.xctest */ = {isa = PBXFileReference; explicitFileType = wrapper.cfbundle; includeInIndex = 0; path = TestSwiftUITests.xctest; sourceTree = BUILT_PRODUCTS_DIR; };
		525A1FF01CA3F65A00E7DEA5 /* TestSwiftUITests.swift */ = {isa = PBXFileReference; lastKnownFileType = sourcecode.swift; path = TestSwiftUITests.swift; sourceTree = "<group>"; };
		525A1FF21CA3F65A00E7DEA5 /* Info.plist */ = {isa = PBXFileReference; lastKnownFileType = text.plist.xml; path = Info.plist; sourceTree = "<group>"; };
/* End PBXFileReference section */

/* Begin PBXFrameworksBuildPhase section */
		525A1FCA1CA3F65A00E7DEA5 /* Frameworks */ = {
			isa = PBXFrameworksBuildPhase;
			buildActionMask = 2147483647;
			files = (
			);
			runOnlyForDeploymentPostprocessing = 0;
		};
		525A1FDE1CA3F65A00E7DEA5 /* Frameworks */ = {
			isa = PBXFrameworksBuildPhase;
			buildActionMask = 2147483647;
			files = (
			);
			runOnlyForDeploymentPostprocessing = 0;
		};
		525A1FE91CA3F65A00E7DEA5 /* Frameworks */ = {
			isa = PBXFrameworksBuildPhase;
			buildActionMask = 2147483647;
			files = (
			);
			runOnlyForDeploymentPostprocessing = 0;
		};
/* End PBXFrameworksBuildPhase section */

/* Begin PBXGroup section */
		525A1FC41CA3F65A00E7DEA5 = {
			isa = PBXGroup;
			children = (
				525A1FCF1CA3F65A00E7DEA5 /* TestSwift */,
				525A1FE41CA3F65A00E7DEA5 /* TestSwiftTests */,
				525A1FEF1CA3F65A00E7DEA5 /* TestSwiftUITests */,
				525A1FCE1CA3F65A00E7DEA5 /* Products */,
			);
			sourceTree = "<group>";
		};
		525A1FCE1CA3F65A00E7DEA5 /* Products */ = {
			isa = PBXGroup;
			children = (
				525A1FCD1CA3F65A00E7DEA5 /* TestSwift.app */,
				525A1FE11CA3F65A00E7DEA5 /* TestSwiftTests.xctest */,
				525A1FEC1CA3F65A00E7DEA5 /* TestSwiftUITests.xctest */,
			);
			name = Products;
			sourceTree = "<group>";
		};
		525A1FCF1CA3F65A00E7DEA5 /* TestSwift */ = {
			isa = PBXGroup;
			children = (
				525A1FD01CA3F65A00E7DEA5 /* AppDelegate.swift */,
				525A1FD21CA3F65A00E7DEA5 /* ViewController.swift */,
				525A1FD41CA3F65A00E7DEA5 /* Main.storyboard */,
				525A1FD71CA3F65A00E7DEA5 /* Assets.xcassets */,
				525A1FD91CA3F65A00E7DEA5 /* LaunchScreen.storyboard */,
				525A1FDC1CA3F65A00E7DEA5 /* Info.plist */,
			);
			path = TestSwift;
			sourceTree = "<group>";
		};
		525A1FE41CA3F65A00E7DEA5 /* TestSwiftTests */ = {
			isa = PBXGroup;
			children = (
				525A1FE51CA3F65A00E7DEA5 /* TestSwiftTests.swift */,
				525A1FE71CA3F65A00E7DEA5 /* Info.plist */,
			);
			path = TestSwiftTests;
			sourceTree = "<group>";
		};
		525A1FEF1CA3F65A00E7DEA5 /* TestSwiftUITests */ = {
			isa = PBXGroup;
			children = (
				525A1FF01CA3F65A00E7DEA5 /* TestSwiftUITests.swift */,
				525A1FF21CA3F65A00E7DEA5 /* Info.plist */,
			);
			path = TestSwiftUITests;
			sourceTree = "<group>";
		};
/* End PBXGroup section */

/* Begin PBXNativeTarget section */
		525A1FCC1CA3F65A00E7DEA5 /* TestSwift */ = {
			isa = PBXNativeTarget;
			buildConfigurationList = 525A1FF51CA3F65A00E7DEA5 /* Build configuration list for PBXNativeTarget "TestSwift" */;
			buildPhases = (
				525A1FC91CA3F65A00E7DEA5 /* Sources */,
				525A1FCA1CA3F65A00E7DEA5 /* Frameworks */,
				525A1FCB1CA3F65A00E7DEA5 /* Resources */,
			);
			buildRules = (
			);
			dependencies = (
			);
			name = TestSwift;
			productName = TestSwift;
			productReference = 525A1FCD1CA3F65A00E7DEA5 /* TestSwift.app */;
			productType = "com.apple.product-type.application";
		};
		525A1FE01CA3F65A00E7DEA5 /* TestSwiftTests */ = {
			isa = PBXNativeTarget;
			buildConfigurationList = 525A1FF81CA3F65A00E7DEA5 /* Build configuration list for PBXNativeTarget "TestSwiftTests" */;
			buildPhases = (
				525A1FDD1CA3F65A00E7DEA5 /* Sources */,
				525A1FDE1CA3F65A00E7DEA5 /* Frameworks */,
				525A1FDF1CA3F65A00E7DEA5 /* Resources */,
			);
			buildRules = (
			);
			dependencies = (
				525A1FE31CA3F65A00E7DEA5 /* PBXTargetDependency */,
			);
			name = TestSwiftTests;
			productName = TestSwiftTests;
			productReference = 525A1FE11CA3F65A00E7DEA5 /* TestSwiftTests.xctest */;
			productType = "com.apple.product-type.bundle.unit-test";
		};
		525A1FEB1CA3F65A00E7DEA5 /* TestSwiftUITests */ = {
			isa = PBXNativeTarget;
			buildConfigurationList = 525A1FFB1CA3F65A00E7DEA5 /* Build configuration list for PBXNativeTarget "TestSwiftUITests" */;
			buildPhases = (
				525A1FE81CA3F65A00E7DEA5 /* Sources */,
				525A1FE91CA3F65A00E7DEA5 /* Frameworks */,
				525A1FEA1CA3F65A00E7DEA5 /* Resources */,
			);
			buildRules = (
			);
			dependencies = (
				525A1FEE1CA3F65A00E7DEA5 /* PBXTargetDependency */,
			);
			name = TestSwiftUITests;
			productName = TestSwiftUITests;
			productReference = 525A1FEC1CA3F65A00E7DEA5 /* TestSwiftUITests.xctest */;
			productType = "com.apple.product-type.bundle.ui-testing";
		};
/* End PBXNativeTarget section */

/* Begin PBXProject section */
		525A1FC51CA3F65A00E7DEA5 /* Project object */ = {
			isa = PBXProject;
			attributes = {
				LastSwiftUpdateCheck = 0720;
				LastUpgradeCheck = 0720;
				ORGANIZATIONNAME = jhon;
				TargetAttributes = {
					525A1FCC1CA3F65A00E7DEA5 = {
						CreatedOnToolsVersion = 7.2.1;
					};
					525A1FE01CA3F65A00E7DEA5 = {
						CreatedOnToolsVersion = 7.2.1;
						TestTargetID = 525A1FCC1CA3F65A00E7DEA5;
					};
					525A1FEB1CA3F65A00E7DEA5 = {
						CreatedOnToolsVersion = 7.2.1;
						TestTargetID = 525A1FCC1CA3F65A00E7DEA5;
					};
				};
			};
			buildConfigurationList = 525A1FC81CA3F65A00E7DEA5 /* Build configuration list for PBXProject "TestSwift" */;
			compatibilityVersion = "Xcode 3.2";
			developmentRegion = English;
			hasScannedForEncodings = 0;
			knownRegions = (
				en,
				Base,
			);
			mainGroup = 525A1FC41CA3F65A00E7DEA5;
			productRefGroup = 525A1FCE1CA3F65A00E7DEA5 /* Products */;
			projectDirPath = "";
			projectRoot = "";
			targets = (
				525A1FCC1CA3F65A00E7DEA5 /* TestSwift */,
				525A1FE01CA3F65A00E7DEA5 /* TestSwiftTests */,
				525A1FEB1CA3F65A00E7DEA5 /* TestSwiftUITests */,
			);
		};
/* End PBXProject section */

/* Begin PBXResourcesBuildPhase section */
		525A1FCB1CA3F65A00E7DEA5 /* Resources */ = {
			isa = PBXResourcesBuildPhase;
			buildActionMask = 2147483647;
			files = (
				525A1FDB1CA3F65A00E7DEA5 /* LaunchScreen.storyboard in Resources */,
				525A1FD81CA3F65A00E7DEA5 /* Assets.xcassets in Resources */,
				525A1FD61CA3F65A00E7DEA5 /* Main.storyboard in Resources */,
			);
			runOnlyForDeploymentPostprocessing = 0;
		};
		525A1FDF1CA3F65A00E7DEA5 /* Resources */ = {
			isa = PBXResourcesBuildPhase;
			buildActionMask = 2147483647;
			files = (
			);
			runOnlyForDeploymentPostprocessing = 0;
		};
		525A1FEA1CA3F65A00E7DEA5 /* Resources */ = {
			isa = PBXResourcesBuildPhase;
			buildActionMask = 2147483647;
			files = (
			);
			runOnlyForDeploymentPostprocessing = 0;
		};
/* End PBXResourcesBuildPhase section */

/* Begin PBXSourcesBuildPhase section */
		525A1FC91CA3F65A00E7DEA5 /* Sources */ = {
			isa = PBXSourcesBuildPhase;
			buildActionMask = 2147483647;
			files = (
				525A1FD31CA3F65A00E7DEA5 /* ViewController.swift in Sources */,
				525A1FD11CA3F65A00E7DEA5 /* AppDelegate.swift in Sources */,
			);
			runOnlyForDeploymentPostprocessing = 0;
		};
		525A1FDD1CA3F65A00E7DEA5 /* Sources */ = {
			isa = PBXSourcesBuildPhase;
			buildActionMask = 2147483647;
			files = (
				525A1FE61CA3F65A00E7DEA5 /* TestSwiftTests.swift in Sources */,
			);
			runOnlyForDeploymentPostprocessing = 0;
		};
		525A1FE81CA3F65A00E7DEA5 /* Sources */ = {
			isa = PBXSourcesBuildPhase;
			buildActionMask = 2147483647;
			files = (
				525A1FF11CA3F65A00E7DEA5 /* TestSwiftUITests.swift in Sources */,
			);
			runOnlyForDeploymentPostprocessing = 0;
		};
/* End PBXSourcesBuildPhase section */

/* Begin PBXTargetDependency section */
		525A1FE31CA3F65A00E7DEA5 /* PBXTargetDependency */ = {
			isa = PBXTargetDependency;
			target = 525A1FCC1CA3F65A00E7DEA5 /* TestSwift */;
			targetProxy = 525A1FE21CA3F65A00E7DEA5 /* PBXContainerItemProxy */;
		};
		525A1FEE1CA3F65A00E7DEA5 /* PBXTargetDependency */ = {
			isa = PBXTargetDependency;
			target = 525A1FCC1CA3F65A00E7DEA5 /* TestSwift */;
			targetProxy = 525A1FED1CA3F65A00E7DEA5 /* PBXContainerItemProxy */;
		};
/* End PBXTargetDependency section */

/* Begin PBXVariantGroup section */
		525A1FD41CA3F65A00E7DEA5 /* Main.storyboard */ = {
			isa = PBXVariantGroup;
			children = (
				525A1FD51CA3F65A00E7DEA5 /* Base */,
			);
			name = Main.storyboard;
			sourceTree = "<group>";
		};
		525A1FD91CA3F65A00E7DEA5 /* LaunchScreen.storyboard */ = {
			isa = PBXVariantGroup;
			children = (
				525A1FDA1CA3F65A00E7DEA5 /* Base */,
			);
			name = LaunchScreen.storyboard;
			sourceTree = "<group>";
		};
/* End PBXVariantGroup section */

/* Begin XCBuildConfiguration section */
		525A1FF31CA3F65A00E7DEA5 /* Debug */ = {
			isa = XCBuildConfiguration;
			buildSettings = {
				ALWAYS_SEARCH_USER_PATHS = NO;
				CLANG_CXX_LANGUAGE_STANDARD = "gnu++0x";
				CLANG_CXX_LIBRARY = "libc++";
				CLANG_ENABLE_MODULES = YES;
				CLANG_ENABLE_OBJC_ARC = YES;
				CLANG_WARN_BOOL_CONVERSION = YES;
				CLANG_WARN_CONSTANT_CONVERSION = YES;
				CLANG_WARN_DIRECT_OBJC_ISA_USAGE = YES_ERROR;
				CLANG_WARN_EMPTY_BODY = YES;
				CLANG_WARN_ENUM_CONVERSION = YES;
				CLANG_WARN_INT_CONVERSION = YES;
				CLANG_WARN_OBJC_ROOT_CLASS = YES_ERROR;
				CLANG_WARN_UNREACHABLE_CODE = YES;
				CLANG_WARN__DUPLICATE_METHOD_MATCH = YES;
				"CODE_SIGN_IDENTITY[sdk=iphoneos*]" = "iPhone Developer";
				COPY_PHASE_STRIP = NO;
				DEBUG_INFORMATION_FORMAT = dwarf;
				ENABLE_STRICT_OBJC_MSGSEND = YES;
				ENABLE_TESTABILITY = YES;
				GCC_C_LANGUAGE_STANDARD = gnu99;
				GCC_DYNAMIC_NO_PIC = NO;
				GCC_NO_COMMON_BLOCKS = YES;
				GCC_OPTIMIZATION_LEVEL = 0;
				GCC_PREPROCESSOR_DEFINITIONS = (
					"DEBUG=1",
					"$(inherited)",
				);
				GCC_WARN_64_TO_32_BIT_CONVERSION = YES;
				GCC_WARN_ABOUT_RETURN_TYPE = YES_ERROR;
				GCC_WARN_UNDECLARED_SELECTOR = YES;
				GCC_WARN_UNINITIALIZED_AUTOS = YES_AGGRESSIVE;
				GCC_WARN_UNUSED_FUNCTION = YES;
				GCC_WARN_UNUSED_VARIABLE = YES;
				IPHONEOS_DEPLOYMENT_TARGET = 9.2;
				MTL_ENABLE_DEBUG_INFO = YES;
				ONLY_ACTIVE_ARCH = YES;
				SDKROOT = iphoneos;
				SWIFT_OPTIMIZATION_LEVEL = "-Onone";
				TARGETED_DEVICE_FAMILY = "1,2";
			};
			name = Debug;
		};
		525A1FF41CA3F65A00E7DEA5 /* Release */ = {
			isa = XCBuildConfiguration;
			buildSettings = {
				ALWAYS_SEARCH_USER_PATHS = NO;
				CLANG_CXX_LANGUAGE_STANDARD = "gnu++0x";
				CLANG_CXX_LIBRARY = "libc++";
				CLANG_ENABLE_MODULES = YES;
				CLANG_ENABLE_OBJC_ARC = YES;
				CLANG_WARN_BOOL_CONVERSION = YES;
				CLANG_WARN_CONSTANT_CONVERSION = YES;
				CLANG_WARN_DIRECT_OBJC_ISA_USAGE = YES_ERROR;
				CLANG_WARN_EMPTY_BODY = YES;
				CLANG_WARN_ENUM_CONVERSION = YES;
				CLANG_WARN_INT_CONVERSION = YES;
				CLANG_WARN_OBJC_ROOT_CLASS = YES_ERROR;
				CLANG_WARN_UNREACHABLE_CODE = YES;
				CLANG_WARN__DUPLICATE_METHOD_MATCH = YES;
				"CODE_SIGN_IDENTITY[sdk=iphoneos*]" = "iPhone Developer";
				COPY_PHASE_STRIP = NO;
				DEBUG_INFORMATION_FORMAT = "dwarf-with-dsym";
				ENABLE_NS_ASSERTIONS = NO;
				ENABLE_STRICT_OBJC_MSGSEND = YES;
				GCC_C_LANGUAGE_STANDARD = gnu99;
				GCC_NO_COMMON_BLOCKS = YES;
				GCC_WARN_64_TO_32_BIT_CONVERSION = YES;
				GCC_WARN_ABOUT_RETURN_TYPE = YES_ERROR;
				GCC_WARN_UNDECLARED_SELECTOR = YES;
				GCC_WARN_UNINITIALIZED_AUTOS = YES_AGGRESSIVE;
				GCC_WARN_UNUSED_FUNCTION = YES;
				GCC_WARN_UNUSED_VARIABLE = YES;
				IPHONEOS_DEPLOYMENT_TARGET = 9.2;
				MTL_ENABLE_DEBUG_INFO = NO;
				SDKROOT = iphoneos;
				TARGETED_DEVICE_FAMILY = "1,2";
				VALIDATE_PRODUCT = YES;
			};
			name = Release;
		};
		525A1FF61CA3F65A00E7DEA5 /* Debug */ = {
			isa = XCBuildConfiguration;
			buildSettings = {
				ASSETCATALOG_COMPILER_APPICON_NAME = AppIcon;
				INFOPLIST_FILE = TestSwift/Info.plist;
				LD_RUNPATH_SEARCH_PATHS = "$(inherited) @executable_path/Frameworks";
				PRODUCT_BUNDLE_IDENTIFIER = com.lixiaotao.TestSwift;
				PRODUCT_NAME = "$(TARGET_NAME)";
			};
			name = Debug;
		};
		525A1FF71CA3F65A00E7DEA5 /* Release */ = {
			isa = XCBuildConfiguration;
			buildSettings = {
				ASSETCATALOG_COMPILER_APPICON_NAME = AppIcon;
				INFOPLIST_FILE = TestSwift/Info.plist;
				LD_RUNPATH_SEARCH_PATHS = "$(inherited) @executable_path/Frameworks";
				PRODUCT_BUNDLE_IDENTIFIER = com.lixiaotao.TestSwift;
				PRODUCT_NAME = "$(TARGET_NAME)";
			};
			name = Release;
		};
		525A1FF91CA3F65A00E7DEA5 /* Debug */ = {
			isa = XCBuildConfiguration;
			buildSettings = {
				BUNDLE_LOADER = "$(TEST_HOST)";
				INFOPLIST_FILE = TestSwiftTests/Info.plist;
				LD_RUNPATH_SEARCH_PATHS = "$(inherited) @executable_path/Frameworks @loader_path/Frameworks";
				PRODUCT_BUNDLE_IDENTIFIER = com.lixiaotao.TestSwiftTests;
				PRODUCT_NAME = "$(TARGET_NAME)";
				TEST_HOST = "$(BUILT_PRODUCTS_DIR)/TestSwift.app/TestSwift";
			};
			name = Debug;
		};
		525A1FFA1CA3F65A00E7DEA5 /* Release */ = {
			isa = XCBuildConfiguration;
			buildSettings = {
				BUNDLE_LOADER = "$(TEST_HOST)";
				INFOPLIST_FILE = TestSwiftTests/Info.plist;
				LD_RUNPATH_SEARCH_PATHS = "$(inherited) @executable_path/Frameworks @loader_path/Frameworks";
				PRODUCT_BUNDLE_IDENTIFIER = com.lixiaotao.TestSwiftTests;
				PRODUCT_NAME = "$(TARGET_NAME)";
				TEST_HOST = "$(BUILT_PRODUCTS_DIR)/TestSwift.app/TestSwift";
			};
			name = Release;
		};
		525A1FFC1CA3F65A00E7DEA5 /* Debug */ = {
			isa = XCBuildConfiguration;
			buildSettings = {
				INFOPLIST_FILE = TestSwiftUITests/Info.plist;
				LD_RUNPATH_SEARCH_PATHS = "$(inherited) @executable_path/Frameworks @loader_path/Frameworks";
				PRODUCT_BUNDLE_IDENTIFIER = com.lixiaotao.TestSwiftUITests;
				PRODUCT_NAME = "$(TARGET_NAME)";
				TEST_TARGET_NAME = TestSwift;
				USES_XCTRUNNER = YES;
			};
			name = Debug;
		};
		525A1FFD1CA3F65A00E7DEA5 /* Release */ = {
			isa = XCBuildConfiguration;
			buildSettings = {
				INFOPLIST_FILE = TestSwiftUITests/Info.plist;
				LD_RUNPATH_SEARCH_PATHS = "$(inherited) @executable_path/Frameworks @loader_path/Frameworks";
				PRODUCT_BUNDLE_IDENTIFIER = com.lixiaotao.TestSwiftUITests;
				PRODUCT_NAME = "$(TARGET_NAME)";
				TEST_TARGET_NAME = TestSwift;
				USES_XCTRUNNER = YES;
			};
			name = Release;
		};
/* End XCBuildConfiguration section */

/* Begin XCConfigurationList section */
		525A1FC81CA3F65A00E7DEA5 /* Build configuration list for PBXProject "TestSwift" */ = {
			isa = XCConfigurationList;
			buildConfigurations = (
				525A1FF31CA3F65A00E7DEA5 /* Debug */,
				525A1FF41CA3F65A00E7DEA5 /* Release */,
			);
			defaultConfigurationIsVisible = 0;
			defaultConfigurationName = Release;
		};
		525A1FF51CA3F65A00E7DEA5 /* Build configuration list for PBXNativeTarget "TestSwift" */ = {
			isa = XCConfigurationList;
			buildConfigurations = (
				525A1FF61CA3F65A00E7DEA5 /* Debug */,
				525A1FF71CA3F65A00E7DEA5 /* Release */,
			);
			defaultConfigurationIsVisible = 0;
		};
		525A1FF81CA3F65A00E7DEA5 /* Build configuration list for PBXNativeTarget "TestSwiftTests" */ = {
			isa = XCConfigurationList;
			buildConfigurations = (
				525A1FF91CA3F65A00E7DEA5 /* Debug */,
				525A1FFA1CA3F65A00E7DEA5 /* Release */,
			);
			defaultConfigurationIsVisible = 0;
		};
		525A1FFB1CA3F65A00E7DEA5 /* Build configuration list for PBXNativeTarget "TestSwiftUITests" */ = {
			isa = XCConfigurationList;
			buildConfigurations = (
				525A1FFC1CA3F65A00E7DEA5 /* Debug */,
				525A1FFD1CA3F65A00E7DEA5 /* Release */,
			);
			defaultConfigurationIsVisible = 0;
		};
/* End XCConfigurationList section */
	};
	rootObject = 525A1FC51CA3F65A00E7DEA5 /* Project object */;
}
